hash: e1fa611ea7d1d5b388df1b003ff3490d5d03e7482d3829573b8711ebcc09d5aa
updated: 2017-02-13T22:10:12.662308327+01:00
imports:
- name: github.com/justinas/alice
  version: 052b8b6c18edb9db317af86806d8e00ebaa94160
- name: github.com/rs/xhandler
  version: ed27b6fd65218132ee50cd95f38474a3d8a2cd12
- name: github.com/rs/xid
  version: e39c3571542a72a9d44559fc96e2a80ed896682b
- name: github.com/rs/xlog
  version: ee33a676e5f4bbda5b80dace72043f7e3b61ebda
  subpackages:
  - internal/term
- name: github.com/tj/go-debug
  version: ff4a55a20a86994118644bbddc6a216da193cc13
- name: golang.org/x/net
  version: 236b8f043b920452504e263bc21d354427127473
  subpackages:
  - context
- name: gopkg.in/h2non/bimg.v1
  version: 9bb3ae10c5ce30e72f7ac0834368536fc095d6a7
- name: gopkg.in/h2non/filetype.v0
  version: caab3653a0a5ff729cb3eea293d1d26a24781455
  subpackages:
  - matchers
  - types
testImports: []
